// !$*UTF8*$!
{
	archiveVersion = 1;
	classes = {
	};
	objectVersion = 55;
	objects = {

/* Begin PBXBuildFile section */
		313C3BDA275E3FF000EAE9F7 /* UI_productApp.swift in Sources */ = {isa = PBXBuildFile; fileRef = 313C3BD9275E3FF000EAE9F7 /* UI_productApp.swift */; };
		313C3BDC275E3FF000EAE9F7 /* ContentView.swift in Sources */ = {isa = PBXBuildFile; fileRef = 313C3BDB275E3FF000EAE9F7 /* ContentView.swift */; };
		313C3BDE275E3FF200EAE9F7 /* Assets.xcassets in Resources */ = {isa = PBXBuildFile; fileRef = 313C3BDD275E3FF200EAE9F7 /* Assets.xcassets */; };
		313C3BE1275E3FF200EAE9F7 /* Preview Assets.xcassets in Resources */ = {isa = PBXBuildFile; fileRef = 313C3BE0275E3FF200EAE9F7 /* Preview Assets.xcassets */; };
		313C3BEB275E3FF200EAE9F7 /* UI_productTests.swift in Sources */ = {isa = PBXBuildFile; fileRef = 313C3BEA275E3FF200EAE9F7 /* UI_productTests.swift */; };
		313C3BF5275E3FF200EAE9F7 /* UI_productUITests.swift in Sources */ = {isa = PBXBuildFile; fileRef = 313C3BF4275E3FF200EAE9F7 /* UI_productUITests.swift */; };
		313C3BF7275E3FF200EAE9F7 /* UI_productUITestsLaunchTests.swift in Sources */ = {isa = PBXBuildFile; fileRef = 313C3BF6275E3FF200EAE9F7 /* UI_productUITestsLaunchTests.swift */; };
/* End PBXBuildFile section */

/* Begin PBXContainerItemProxy section */
		313C3BE7275E3FF200EAE9F7 /* PBXContainerItemProxy */ = {
			isa = PBXContainerItemProxy;
			containerPortal = 313C3BCE275E3FF000EAE9F7 /* Project object */;
			proxyType = 1;
			remoteGlobalIDString = 313C3BD5275E3FF000EAE9F7;
			remoteInfo = "UI product";
		};
		313C3BF1275E3FF200EAE9F7 /* PBXContainerItemProxy */ = {
			isa = PBXContainerItemProxy;
			containerPortal = 313C3BCE275E3FF000EAE9F7 /* Project object */;
			proxyType = 1;
			remoteGlobalIDString = 313C3BD5275E3FF000EAE9F7;
			remoteInfo = "UI product";
		};
/* End PBXContainerItemProxy section */

/* Begin PBXFileReference section */
		313C3BD6275E3FF000EAE9F7 /* UI product.app */ = {isa = PBXFileReference; explicitFileType = wrapper.application; includeInIndex = 0; path = "UI product.app"; sourceTree = BUILT_PRODUCTS_DIR; };
		313C3BD9275E3FF000EAE9F7 /* UI_productApp.swift */ = {isa = PBXFileReference; lastKnownFileType = sourcecode.swift; path = UI_productApp.swift; sourceTree = "<group>"; };
		313C3BDB275E3FF000EAE9F7 /* ContentView.swift */ = {isa = PBXFileReference; lastKnownFileType = sourcecode.swift; path = ContentView.swift; sourceTree = "<group>"; };
		313C3BDD275E3FF200EAE9F7 /* Assets.xcassets */ = {isa = PBXFileReference; lastKnownFileType = folder.assetcatalog; path = Assets.xcassets; sourceTree = "<group>"; };
		313C3BE0275E3FF200EAE9F7 /* Preview Assets.xcassets */ = {isa = PBXFileReference; lastKnownFileType = folder.assetcatalog; path = "Preview Assets.xcassets"; sourceTree = "<group>"; };
		313C3BE6275E3FF200EAE9F7 /* UI productTests.xctest */ = {isa = PBXFileReference; explicitFileType = wrapper.cfbundle; includeInIndex = 0; path = "UI productTests.xctest"; sourceTree = BUILT_PRODUCTS_DIR; };
		313C3BEA275E3FF200EAE9F7 /* UI_productTests.swift */ = {isa = PBXFileReference; lastKnownFileType = sourcecode.swift; path = UI_productTests.swift; sourceTree = "<group>"; };
		313C3BF0275E3FF200EAE9F7 /* UI productUITests.xctest */ = {isa = PBXFileReference; explicitFileType = wrapper.cfbundle; includeInIndex = 0; path = "UI productUITests.xctest"; sourceTree = BUILT_PRODUCTS_DIR; };
		313C3BF4275E3FF200EAE9F7 /* UI_productUITests.swift */ = {isa = PBXFileReference; lastKnownFileType = sourcecode.swift; path = UI_productUITests.swift; sourceTree = "<group>"; };
		313C3BF6275E3FF200EAE9F7 /* UI_productUITestsLaunchTests.swift */ = {isa = PBXFileReference; lastKnownFileType = sourcecode.swift; path = UI_productUITestsLaunchTests.swift; sourceTree = "<group>"; };
/* End PBXFileReference section */

/* Begin PBXFrameworksBuildPhase section */
		313C3BD3275E3FF000EAE9F7 /* Frameworks */ = {
			isa = PBXFrameworksBuildPhase;
			buildActionMask = 2147483647;
			files = (
			);
			runOnlyForDeploymentPostprocessing = 0;
		};
		313C3BE3275E3FF200EAE9F7 /* Frameworks */ = {
			isa = PBXFrameworksBuildPhase;
			buildActionMask = 2147483647;
			files = (
			);
			runOnlyForDeploymentPostprocessing = 0;
		};
		313C3BED275E3FF200EAE9F7 /* Frameworks */ = {
			isa = PBXFrameworksBuildPhase;
			buildActionMask = 2147483647;
			files = (
			);
			runOnlyForDeploymentPostprocessing = 0;
		};
/* End PBXFrameworksBuildPhase section */

/* Begin PBXGroup section */
		313C3BCD275E3FEF00EAE9F7 = {
			isa = PBXGroup;
			children = (
				313C3BD8275E3FF000EAE9F7 /* UI product */,
				313C3BE9275E3FF200EAE9F7 /* UI productTests */,
				313C3BF3275E3FF200EAE9F7 /* UI productUITests */,
				313C3BD7275E3FF000EAE9F7 /* Products */,
			);
			sourceTree = "<group>";
		};
		313C3BD7275E3FF000EAE9F7 /* Products */ = {
			isa = PBXGroup;
			children = (
				313C3BD6275E3FF000EAE9F7 /* UI product.app */,
				313C3BE6275E3FF200EAE9F7 /* UI productTests.xctest */,
				313C3BF0275E3FF200EAE9F7 /* UI productUITests.xctest */,
			);
			name = Products;
			sourceTree = "<group>";
		};
		313C3BD8275E3FF000EAE9F7 /* UI product */ = {
			isa = PBXGroup;
			children = (
				313C3BD9275E3FF000EAE9F7 /* UI_productApp.swift */,
				313C3BDB275E3FF000EAE9F7 /* ContentView.swift */,
				313C3BDD275E3FF200EAE9F7 /* Assets.xcassets */,
				313C3BDF275E3FF200EAE9F7 /* Preview Content */,
			);
			path = "UI product";
			sourceTree = "<group>";
		};
		313C3BDF275E3FF200EAE9F7 /* Preview Content */ = {
			isa = PBXGroup;
			children = (
				313C3BE0275E3FF200EAE9F7 /* Preview Assets.xcassets */,
			);
			path = "Preview Content";
			sourceTree = "<group>";
		};
		313C3BE9275E3FF200EAE9F7 /* UI productTests */ = {
			isa = PBXGroup;
			children = (
				313C3BEA275E3FF200EAE9F7 /* UI_productTests.swift */,
			);
			path = "UI productTests";
			sourceTree = "<group>";
		};
		313C3BF3275E3FF200EAE9F7 /* UI productUITests */ = {
			isa = PBXGroup;
			children = (
				313C3BF4275E3FF200EAE9F7 /* UI_productUITests.swift */,
				313C3BF6275E3FF200EAE9F7 /* UI_productUITestsLaunchTests.swift */,
			);
			path = "UI productUITests";
			sourceTree = "<group>";
		};
/* End PBXGroup section */

/* Begin PBXNativeTarget section */
		313C3BD5275E3FF000EAE9F7 /* UI product */ = {
			isa = PBXNativeTarget;
			buildConfigurationList = 313C3BFA275E3FF200EAE9F7 /* Build configuration list for PBXNativeTarget "UI product" */;
			buildPhases = (
				313C3BD2275E3FF000EAE9F7 /* Sources */,
				313C3BD3275E3FF000EAE9F7 /* Frameworks */,
				313C3BD4275E3FF000EAE9F7 /* Resources */,
			);
			buildRules = (
			);
			dependencies = (
			);
			name = "UI product";
			productName = "UI product";
			productReference = 313C3BD6275E3FF000EAE9F7 /* UI product.app */;
			productType = "com.apple.product-type.application";
		};
		313C3BE5275E3FF200EAE9F7 /* UI productTests */ = {
			isa = PBXNativeTarget;
			buildConfigurationList = 313C3BFD275E3FF200EAE9F7 /* Build configuration list for PBXNativeTarget "UI productTests" */;
			buildPhases = (
				313C3BE2275E3FF200EAE9F7 /* Sources */,
				313C3BE3275E3FF200EAE9F7 /* Frameworks */,
				313C3BE4275E3FF200EAE9F7 /* Resources */,
			);
			buildRules = (
			);
			dependencies = (
				313C3BE8275E3FF200EAE9F7 /* PBXTargetDependency */,
			);
			name = "UI productTests";
			productName = "UI productTests";
			productReference = 313C3BE6275E3FF200EAE9F7 /* UI productTests.xctest */;
			productType = "com.apple.product-type.bundle.unit-test";
		};
		313C3BEF275E3FF200EAE9F7 /* UI productUITests */ = {
			isa = PBXNativeTarget;
			buildConfigurationList = 313C3C00275E3FF200EAE9F7 /* Build configuration list for PBXNativeTarget "UI productUITests" */;
			buildPhases = (
				313C3BEC275E3FF200EAE9F7 /* Sources */,
				313C3BED275E3FF200EAE9F7 /* Frameworks */,
				313C3BEE275E3FF200EAE9F7 /* Resources */,
			);
			buildRules = (
			);
			dependencies = (
				313C3BF2275E3FF200EAE9F7 /* PBXTargetDependency */,
			);
			name = "UI productUITests";
			productName = "UI productUITests";
			productReference = 313C3BF0275E3FF200EAE9F7 /* UI productUITests.xctest */;
			productType = "com.apple.product-type.bundle.ui-testing";
		};
/* End PBXNativeTarget section */

/* Begin PBXProject section */
		313C3BCE275E3FF000EAE9F7 /* Project object */ = {
			isa = PBXProject;
			attributes = {
				BuildIndependentTargetsInParallel = 1;
				LastSwiftUpdateCheck = 1300;
				LastUpgradeCheck = 1300;
				TargetAttributes = {
					313C3BD5275E3FF000EAE9F7 = {
						CreatedOnToolsVersion = 13.0;
					};
					313C3BE5275E3FF200EAE9F7 = {
						CreatedOnToolsVersion = 13.0;
						TestTargetID = 313C3BD5275E3FF000EAE9F7;
					};
					313C3BEF275E3FF200EAE9F7 = {
						CreatedOnToolsVersion = 13.0;
						TestTargetID = 313C3BD5275E3FF000EAE9F7;
					};
				};
			};
			buildConfigurationList = 313C3BD1275E3FF000EAE9F7 /* Build configuration list for PBXProject "UI product" */;
			compatibilityVersion = "Xcode 13.0";
			developmentRegion = en;
			hasScannedForEncodings = 0;
			knownRegions = (
				en,
				Base,
			);
			mainGroup = 313C3BCD275E3FEF00EAE9F7;
			productRefGroup = 313C3BD7275E3FF000EAE9F7 /* Products */;
			projectDirPath = "";
			projectRoot = "";
			targets = (
				313C3BD5275E3FF000EAE9F7 /* UI product */,
				313C3BE5275E3FF200EAE9F7 /* UI productTests */,
				313C3BEF275E3FF200EAE9F7 /* UI productUITests */,
			);
		};
/* End PBXProject section */

/* Begin PBXResourcesBuildPhase section */
		313C3BD4275E3FF000EAE9F7 /* Resources */ = {
			isa = PBXResourcesBuildPhase;
			buildActionMask = 2147483647;
			files = (
				313C3BE1275E3FF200EAE9F7 /* Preview Assets.xcassets in Resources */,
				313C3BDE275E3FF200EAE9F7 /* Assets.xcassets in Resources */,
			);
			runOnlyForDeploymentPostprocessing = 0;
		};
		313C3BE4275E3FF200EAE9F7 /* Resources */ = {
			isa = PBXResourcesBuildPhase;
			buildActionMask = 2147483647;
			files = (
			);
			runOnlyForDeploymentPostprocessing = 0;
		};
		313C3BEE275E3FF200EAE9F7 /* Resources */ = {
			isa = PBXResourcesBuildPhase;
			buildActionMask = 2147483647;
			files = (
			);
			runOnlyForDeploymentPostprocessing = 0;
		};
/* End PBXResourcesBuildPhase section */

/* Begin PBXSourcesBuildPhase section */
		313C3BD2275E3FF000EAE9F7 /* Sources */ = {
			isa = PBXSourcesBuildPhase;
			buildActionMask = 2147483647;
			files = (
				313C3BDC275E3FF000EAE9F7 /* ContentView.swift in Sources */,
				313C3BDA275E3FF000EAE9F7 /* UI_productApp.swift in Sources */,
			);
			runOnlyForDeploymentPostprocessing = 0;
		};
		313C3BE2275E3FF200EAE9F7 /* Sources */ = {
			isa = PBXSourcesBuildPhase;
			buildActionMask = 2147483647;
			files = (
				313C3BEB275E3FF200EAE9F7 /* UI_productTests.swift in Sources */,
			);
			runOnlyForDeploymentPostprocessing = 0;
		};
		313C3BEC275E3FF200EAE9F7 /* Sources */ = {
			isa = PBXSourcesBuildPhase;
			buildActionMask = 2147483647;
			files = (
				313C3BF7275E3FF200EAE9F7 /* UI_productUITestsLaunchTests.swift in Sources */,
				313C3BF5275E3FF200EAE9F7 /* UI_productUITests.swift in Sources */,
			);
			runOnlyForDeploymentPostprocessing = 0;
		};
/* End PBXSourcesBuildPhase section */

/* Begin PBXTargetDependency section */
		313C3BE8275E3FF200EAE9F7 /* PBXTargetDependency */ = {
			isa = PBXTargetDependency;
			target = 313C3BD5275E3FF000EAE9F7 /* UI product */;
			targetProxy = 313C3BE7275E3FF200EAE9F7 /* PBXContainerItemProxy */;
		};
		313C3BF2275E3FF200EAE9F7 /* PBXTargetDependency */ = {
			isa = PBXTargetDependency;
			target = 313C3BD5275E3FF000EAE9F7 /* UI product */;
			targetProxy = 313C3BF1275E3FF200EAE9F7 /* PBXContainerItemProxy */;
		};
/* End PBXTargetDependency section */

/* Begin XCBuildConfiguration section */
		313C3BF8275E3FF200EAE9F7 /* Debug */ = {
			isa = XCBuildConfiguration;
			buildSettings = {
				ALWAYS_SEARCH_USER_PATHS = NO;
				CLANG_ANALYZER_NONNULL = YES;
				CLANG_ANALYZER_NUMBER_OBJECT_CONVERSION = YES_AGGRESSIVE;
				CLANG_CXX_LANGUAGE_STANDARD = "gnu++17";
				CLANG_CXX_LIBRARY = "libc++";
				CLANG_ENABLE_MODULES = YES;
				CLANG_ENABLE_OBJC_ARC = YES;
				CLANG_ENABLE_OBJC_WEAK = YES;
				CLANG_WARN_BLOCK_CAPTURE_AUTORELEASING = YES;
				CLANG_WARN_BOOL_CONVERSION = YES;
				CLANG_WARN_COMMA = YES;
				CLANG_WARN_CONSTANT_CONVERSION = YES;
				CLANG_WARN_DEPRECATED_OBJC_IMPLEMENTATIONS = YES;
				CLANG_WARN_DIRECT_OBJC_ISA_USAGE = YES_ERROR;
				CLANG_WARN_DOCUMENTATION_COMMENTS = YES;
				CLANG_WARN_EMPTY_BODY = YES;
				CLANG_WARN_ENUM_CONVERSION = YES;
				CLANG_WARN_INFINITE_RECURSION = YES;
				CLANG_WARN_INT_CONVERSION = YES;
				CLANG_WARN_NON_LITERAL_NULL_CONVERSION = YES;
				CLANG_WARN_OBJC_IMPLICIT_RETAIN_SELF = YES;
				CLANG_WARN_OBJC_LITERAL_CONVERSION = YES;
				CLANG_WARN_OBJC_ROOT_CLASS = YES_ERROR;
				CLANG_WARN_QUOTED_INCLUDE_IN_FRAMEWORK_HEADER = YES;
				CLANG_WARN_RANGE_LOOP_ANALYSIS = YES;
				CLANG_WARN_STRICT_PROTOTYPES = YES;
				CLANG_WARN_SUSPICIOUS_MOVE = YES;
				CLANG_WARN_UNGUARDED_AVAILABILITY = YES_AGGRESSIVE;
				CLANG_WARN_UNREACHABLE_CODE = YES;
				CLANG_WARN__DUPLICATE_METHOD_MATCH = YES;
				COPY_PHASE_STRIP = NO;
				DEBUG_INFORMATION_FORMAT = dwarf;
				ENABLE_STRICT_OBJC_MSGSEND = YES;
				ENABLE_TESTABILITY = YES;
				GCC_C_LANGUAGE_STANDARD = gnu11;
				GCC_DYNAMIC_NO_PIC = NO;
				GCC_NO_COMMON_BLOCKS = YES;
				GCC_OPTIMIZATION_LEVEL = 0;
				GCC_PREPROCESSOR_DEFINITIONS = (
					"DEBUG=1",
					"$(inherited)",
				);
				GCC_WARN_64_TO_32_BIT_CONVERSION = YES;
				GCC_WARN_ABOUT_RETURN_TYPE = YES_ERROR;
				GCC_WARN_UNDECLARED_SELECTOR = YES;
				GCC_WARN_UNINITIALIZED_AUTOS = YES_AGGRESSIVE;
				GCC_WARN_UNUSED_FUNCTION = YES;
				GCC_WARN_UNUSED_VARIABLE = YES;
				IPHONEOS_DEPLOYMENT_TARGET = 15.0;
				MTL_ENABLE_DEBUG_INFO = INCLUDE_SOURCE;
				MTL_FAST_MATH = YES;
				ONLY_ACTIVE_ARCH = YES;
				SDKROOT = iphoneos;
				SWIFT_ACTIVE_COMPILATION_CONDITIONS = DEBUG;
				SWIFT_OPTIMIZATION_LEVEL = "-Onone";
			};
			name = Debug;
		};
		313C3BF9275E3FF200EAE9F7 /* Release */ = {
			isa = XCBuildConfiguration;
			buildSettings = {
				ALWAYS_SEARCH_USER_PATHS = NO;
				CLANG_ANALYZER_NONNULL = YES;
				CLANG_ANALYZER_NUMBER_OBJECT_CONVERSION = YES_AGGRESSIVE;
				CLANG_CXX_LANGUAGE_STANDARD = "gnu++17";
				CLANG_CXX_LIBRARY = "libc++";
				CLANG_ENABLE_MODULES = YES;
				CLANG_ENABLE_OBJC_ARC = YES;
				CLANG_ENABLE_OBJC_WEAK = YES;
				CLANG_WARN_BLOCK_CAPTURE_AUTORELEASING = YES;
				CLANG_WARN_BOOL_CONVERSION = YES;
				CLANG_WARN_COMMA = YES;
				CLANG_WARN_CONSTANT_CONVERSION = YES;
				CLANG_WARN_DEPRECATED_OBJC_IMPLEMENTATIONS = YES;
				CLANG_WARN_DIRECT_OBJC_ISA_USAGE = YES_ERROR;
				CLANG_WARN_DOCUMENTATION_COMMENTS = YES;
				CLANG_WARN_EMPTY_BODY = YES;
				CLANG_WARN_ENUM_CONVERSION = YES;
				CLANG_WARN_INFINITE_RECURSION = YES;
				CLANG_WARN_INT_CONVERSION = YES;
				CLANG_WARN_NON_LITERAL_NULL_CONVERSION = YES;
				CLANG_WARN_OBJC_IMPLICIT_RETAIN_SELF = YES;
				CLANG_WARN_OBJC_LITERAL_CONVERSION = YES;
				CLANG_WARN_OBJC_ROOT_CLASS = YES_ERROR;
				CLANG_WARN_QUOTED_INCLUDE_IN_FRAMEWORK_HEADER = YES;
				CLANG_WARN_RANGE_LOOP_ANALYSIS = YES;
				CLANG_WARN_STRICT_PROTOTYPES = YES;
				CLANG_WARN_SUSPICIOUS_MOVE = YES;
				CLANG_WARN_UNGUARDED_AVAILABILITY = YES_AGGRESSIVE;
				CLANG_WARN_UNREACHABLE_CODE = YES;
				CLANG_WARN__DUPLICATE_METHOD_MATCH = YES;
				COPY_PHASE_STRIP = NO;
				DEBUG_INFORMATION_FORMAT = "dwarf-with-dsym";
				ENABLE_NS_ASSERTIONS = NO;
				ENABLE_STRICT_OBJC_MSGSEND = YES;
				GCC_C_LANGUAGE_STANDARD = gnu11;
				GCC_NO_COMMON_BLOCKS = YES;
				GCC_WARN_64_TO_32_BIT_CONVERSION = YES;
				GCC_WARN_ABOUT_RETURN_TYPE = YES_ERROR;
				GCC_WARN_UNDECLARED_SELECTOR = YES;
				GCC_WARN_UNINITIALIZED_AUTOS = YES_AGGRESSIVE;
				GCC_WARN_UNUSED_FUNCTION = YES;
				GCC_WARN_UNUSED_VARIABLE = YES;
				IPHONEOS_DEPLOYMENT_TARGET = 15.0;
				MTL_ENABLE_DEBUG_INFO = NO;
				MTL_FAST_MATH = YES;
				SDKROOT = iphoneos;
				SWIFT_COMPILATION_MODE = wholemodule;
				SWIFT_OPTIMIZATION_LEVEL = "-O";
				VALIDATE_PRODUCT = YES;
			};
			name = Release;
		};
		313C3BFB275E3FF200EAE9F7 /* Debug */ = {
			isa = XCBuildConfiguration;
			buildSettings = {
				ASSETCATALOG_COMPILER_APPICON_NAME = AppIcon;
				ASSETCATALOG_COMPILER_GLOBAL_ACCENT_COLOR_NAME = AccentColor;
				CODE_SIGN_STYLE = Automatic;
				CURRENT_PROJECT_VERSION = 1;
				DEVELOPMENT_ASSET_PATHS = "\"UI product/Preview Content\"";
				ENABLE_PREVIEWS = YES;
				GENERATE_INFOPLIST_FILE = YES;
				INFOPLIST_KEY_UIApplicationSceneManifest_Generation = YES;
				INFOPLIST_KEY_UIApplicationSupportsIndirectInputEvents = YES;
				INFOPLIST_KEY_UILaunchScreen_Generation = YES;
				INFOPLIST_KEY_UISupportedInterfaceOrientations_iPad = "UIInterfaceOrientationPortrait UIInterfaceOrientationPortraitUpsideDown UIInterfaceOrientationLandscapeLeft UIInterfaceOrientationLandscapeRight";
				INFOPLIST_KEY_UISupportedInterfaceOrientations_iPhone = "UIInterfaceOrientationPortrait UIInterfaceOrientationLandscapeLeft UIInterfaceOrientationLandscapeRight";
				IPHONEOS_DEPLOYMENT_TARGET = 14.0;
				LD_RUNPATH_SEARCH_PATHS = (
					"$(inherited)",
					"@executable_path/Frameworks",
				);
				MARKETING_VERSION = 1.0;
				PRODUCT_BUNDLE_IDENTIFIER = "Soham-Gupta.UI-product";
				PRODUCT_NAME = "$(TARGET_NAME)";
				SWIFT_EMIT_LOC_STRINGS = YES;
				SWIFT_VERSION = 5.0;
				TARGETED_DEVICE_FAMILY = "1,2";
			};
			name = Debug;
		};
		313C3BFC275E3FF200EAE9F7 /* Release */ = {
			isa = XCBuildConfiguration;
			buildSettings = {
				ASSETCATALOG_COMPILER_APPICON_NAME = AppIcon;
				ASSETCATALOG_COMPILER_GLOBAL_ACCENT_COLOR_NAME = AccentColor;
				CODE_SIGN_STYLE = Automatic;
				CURRENT_PROJECT_VERSION = 1;
				DEVELOPMENT_ASSET_PATHS = "\"UI product/Preview Content\"";
				ENABLE_PREVIEWS = YES;
				GENERATE_INFOPLIST_FILE = YES;
				INFOPLIST_KEY_UIApplicationSceneManifest_Generation = YES;
				INFOPLIST_KEY_UIApplicationSupportsIndirectInputEvents = YES;
				INFOPLIST_KEY_UILaunchScreen_Generation = YES;
				INFOPLIST_KEY_UISupportedInterfaceOrientations_iPad = "UIInterfaceOrientationPortrait UIInterfaceOrientationPortraitUpsideDown UIInterfaceOrientationLandscapeLeft UIInterfaceOrientationLandscapeRight";
				INFOPLIST_KEY_UISupportedInterfaceOrientations_iPhone = "UIInterfaceOrientationPortrait UIInterfaceOrientationLandscapeLeft UIInterfaceOrientationLandscapeRight";
				IPHONEOS_DEPLOYMENT_TARGET = 14.0;
				LD_RUNPATH_SEARCH_PATHS = (
					"$(inherited)",
					"@executable_path/Frameworks",
				);
				MARKETING_VERSION = 1.0;
				PRODUCT_BUNDLE_IDENTIFIER = "Soham-Gupta.UI-product";
				PRODUCT_NAME = "$(TARGET_NAME)";
				SWIFT_EMIT_LOC_STRINGS = YES;
				SWIFT_VERSION = 5.0;
				TARGETED_DEVICE_FAMILY = "1,2";
			};
			name = Release;
		};
		313C3BFE275E3FF200EAE9F7 /* Debug */ = {
			isa = XCBuildConfiguration;
			buildSettings = {
				ALWAYS_EMBED_SWIFT_STANDARD_LIBRARIES = YES;
				BUNDLE_LOADER = "$(TEST_HOST)";
				CODE_SIGN_STYLE = Automatic;
				CURRENT_PROJECT_VERSION = 1;
				GENERATE_INFOPLIST_FILE = YES;
				IPHONEOS_DEPLOYMENT_TARGET = 14.0;
				LD_RUNPATH_SEARCH_PATHS = (
					"$(inherited)",
					"@executable_path/Frameworks",
					"@loader_path/Frameworks",
				);
				MARKETING_VERSION = 1.0;
				PRODUCT_BUNDLE_IDENTIFIER = "Soham-Gupta.UI-productTests";
				PRODUCT_NAME = "$(TARGET_NAME)";
				SWIFT_EMIT_LOC_STRINGS = NO;
				SWIFT_VERSION = 5.0;
				TARGETED_DEVICE_FAMILY = "1,2";
				TEST_HOST = "$(BUILT_PRODUCTS_DIR)/UI product.app/UI product";
			};
			name = Debug;
		};
		313C3BFF275E3FF200EAE9F7 /* Release */ = {
			isa = XCBuildConfiguration;
			buildSettings = {
				ALWAYS_EMBED_SWIFT_STANDARD_LIBRARIES = YES;
				BUNDLE_LOADER = "$(TEST_HOST)";
				CODE_SIGN_STYLE = Automatic;
				CURRENT_PROJECT_VERSION = 1;
				GENERATE_INFOPLIST_FILE = YES;
				IPHONEOS_DEPLOYMENT_TARGET = 14.0;
				LD_RUNPATH_SEARCH_PATHS = (
					"$(inherited)",
					"@executable_path/Frameworks",
					"@loader_path/Frameworks",
				);
				MARKETING_VERSION = 1.0;
				PRODUCT_BUNDLE_IDENTIFIER = "Soham-Gupta.UI-productTests";
				PRODUCT_NAME = "$(TARGET_NAME)";
				SWIFT_EMIT_LOC_STRINGS = NO;
				SWIFT_VERSION = 5.0;
				TARGETED_DEVICE_FAMILY = "1,2";
				TEST_HOST = "$(BUILT_PRODUCTS_DIR)/UI product.app/UI product";
			};
			name = Release;
		};
		313C3C01275E3FF200EAE9F7 /* Debug */ = {
			isa = XCBuildConfiguration;
			buildSettings = {
				ALWAYS_EMBED_SWIFT_STANDARD_LIBRARIES = YES;
				CODE_SIGN_STYLE = Automatic;
				CURRENT_PROJECT_VERSION = 1;
				GENERATE_INFOPLIST_FILE = YES;
				LD_RUNPATH_SEARCH_PATHS = (
					"$(inherited)",
					"@executable_path/Frameworks",
					"@loader_path/Frameworks",
				);
				MARKETING_VERSION = 1.0;
				PRODUCT_BUNDLE_IDENTIFIER = "Soham-Gupta.UI-productUITests";
				PRODUCT_NAME = "$(TARGET_NAME)";
				SWIFT_EMIT_LOC_STRINGS = NO;
				SWIFT_VERSION = 5.0;
				TARGETED_DEVICE_FAMILY = "1,2";
				TEST_TARGET_NAME = "UI product";
			};
			name = Debug;
		};
		313C3C02275E3FF200EAE9F7 /* Release */ = {
			isa = XCBuildConfiguration;
			buildSettings = {
				ALWAYS_EMBED_SWIFT_STANDARD_LIBRARIES = YES;
				CODE_SIGN_STYLE = Automatic;
				CURRENT_PROJECT_VERSION = 1;
				GENERATE_INFOPLIST_FILE = YES;
				LD_RUNPATH_SEARCH_PATHS = (
					"$(inherited)",
					"@executable_path/Frameworks",
					"@loader_path/Frameworks",
				);
				MARKETING_VERSION = 1.0;
				PRODUCT_BUNDLE_IDENTIFIER = "Soham-Gupta.UI-productUITests";
				PRODUCT_NAME = "$(TARGET_NAME)";
				SWIFT_EMIT_LOC_STRINGS = NO;
				SWIFT_VERSION = 5.0;
				TARGETED_DEVICE_FAMILY = "1,2";
				TEST_TARGET_NAME = "UI product";
			};
			name = Release;
		};
/* End XCBuildConfiguration section */

/* Begin XCConfigurationList section */
		313C3BD1275E3FF000EAE9F7 /* Build configuration list for PBXProject "UI product" */ = {
			isa = XCConfigurationList;
			buildConfigurations = (
				313C3BF8275E3FF200EAE9F7 /* Debug */,
				313C3BF9275E3FF200EAE9F7 /* Release */,
			);
			defaultConfigurationIsVisible = 0;
			defaultConfigurationName = Release;
		};
		313C3BFA275E3FF200EAE9F7 /* Build configuration list for PBXNativeTarget "UI product" */ = {
			isa = XCConfigurationList;
			buildConfigurations = (
				313C3BFB275E3FF200EAE9F7 /* Debug */,
				313C3BFC275E3FF200EAE9F7 /* Release */,
			);
			defaultConfigurationIsVisible = 0;
			defaultConfigurationName = Release;
		};
		313C3BFD275E3FF200EAE9F7 /* Build configuration list for PBXNativeTarget "UI productTests" */ = {
			isa = XCConfigurationList;
			buildConfigurations = (
				313C3BFE275E3FF200EAE9F7 /* Debug */,
				313C3BFF275E3FF200EAE9F7 /* Release */,
			);
			defaultConfigurationIsVisible = 0;
			defaultConfigurationName = Release;
		};
		313C3C00275E3FF200EAE9F7 /* Build configuration list for PBXNativeTarget "UI productUITests" */ = {
			isa = XCConfigurationList;
			buildConfigurations = (
				313C3C01275E3FF200EAE9F7 /* Debug */,
				313C3C02275E3FF200EAE9F7 /* Release */,
			);
			defaultConfigurationIsVisible = 0;
			defaultConfigurationName = Release;
		};
/* End XCConfigurationList section */
	};
	rootObject = 313C3BCE275E3FF000EAE9F7 /* Project object */;
}
